// !$*UTF8*$!
{
	archiveVersion = 1;
	classes = {
	};
	objectVersion = 46;
	objects = {

/* Begin PBXBuildFile section */
		0457A8E31A0B7B0300BBFC90 /* Foundation.framework in Frameworks */ = {isa = PBXBuildFile; fileRef = 0457A8E21A0B7B0300BBFC90 /* Foundation.framework */; };
		0457A8E51A0B7B0300BBFC90 /* CoreGraphics.framework in Frameworks */ = {isa = PBXBuildFile; fileRef = 0457A8E41A0B7B0300BBFC90 /* CoreGraphics.framework */; };
		0457A8E71A0B7B0300BBFC90 /* UIKit.framework in Frameworks */ = {isa = PBXBuildFile; fileRef = 0457A8E61A0B7B0300BBFC90 /* UIKit.framework */; };
		0457A8ED1A0B7B0300BBFC90 /* InfoPlist.strings in Resources */ = {isa = PBXBuildFile; fileRef = 0457A8EB1A0B7B0300BBFC90 /* InfoPlist.strings */; };
		0457A8EF1A0B7B0300BBFC90 /* main.m in Sources */ = {isa = PBXBuildFile; fileRef = 0457A8EE1A0B7B0300BBFC90 /* main.m */; };
		0457A8F31A0B7B0300BBFC90 /* AppDelegate.m in Sources */ = {isa = PBXBuildFile; fileRef = 0457A8F21A0B7B0300BBFC90 /* AppDelegate.m */; };
		0457A8F61A0B7B0300BBFC90 /* Main.storyboard in Resources */ = {isa = PBXBuildFile; fileRef = 0457A8F41A0B7B0300BBFC90 /* Main.storyboard */; };
		0457A8F91A0B7B0300BBFC90 /* ViewController.m in Sources */ = {isa = PBXBuildFile; fileRef = 0457A8F81A0B7B0300BBFC90 /* ViewController.m */; };
		0457A8FB1A0B7B0300BBFC90 /* Images.xcassets in Resources */ = {isa = PBXBuildFile; fileRef = 0457A8FA1A0B7B0300BBFC90 /* Images.xcassets */; };
		0457A9021A0B7B0300BBFC90 /* XCTest.framework in Frameworks */ = {isa = PBXBuildFile; fileRef = 0457A9011A0B7B0300BBFC90 /* XCTest.framework */; };
		0457A9031A0B7B0300BBFC90 /* Foundation.framework in Frameworks */ = {isa = PBXBuildFile; fileRef = 0457A8E21A0B7B0300BBFC90 /* Foundation.framework */; };
		0457A9041A0B7B0300BBFC90 /* UIKit.framework in Frameworks */ = {isa = PBXBuildFile; fileRef = 0457A8E61A0B7B0300BBFC90 /* UIKit.framework */; };
		0457A90C1A0B7B0300BBFC90 /* InfoPlist.strings in Resources */ = {isa = PBXBuildFile; fileRef = 0457A90A1A0B7B0300BBFC90 /* InfoPlist.strings */; };
		0457A90E1A0B7B0300BBFC90 /* TestMyMoboPlayerTests.m in Sources */ = {isa = PBXBuildFile; fileRef = 0457A90D1A0B7B0300BBFC90 /* TestMyMoboPlayerTests.m */; };
		0457A9181A0B7B9900BBFC90 /* Accelerate.framework in Frameworks */ = {isa = PBXBuildFile; fileRef = 0457A9171A0B7B9900BBFC90 /* Accelerate.framework */; };
		0457A91A1A0B7BBC00BBFC90 /* libz.dylib in Frameworks */ = {isa = PBXBuildFile; fileRef = 0457A9191A0B7BBC00BBFC90 /* libz.dylib */; };
		0457A91C1A0B7BCC00BBFC90 /* libiconv.dylib in Frameworks */ = {isa = PBXBuildFile; fileRef = 0457A91B1A0B7BCC00BBFC90 /* libiconv.dylib */; };
		0457A91E1A0B7BD900BBFC90 /* OpenGLES.framework in Frameworks */ = {isa = PBXBuildFile; fileRef = 0457A91D1A0B7BD900BBFC90 /* OpenGLES.framework */; };
		0457A9201A0B7BEB00BBFC90 /* MediaPlayer.framework in Frameworks */ = {isa = PBXBuildFile; fileRef = 0457A91F1A0B7BEB00BBFC90 /* MediaPlayer.framework */; };
		0457A9221A0B7BF300BBFC90 /* CoreAudio.framework in Frameworks */ = {isa = PBXBuildFile; fileRef = 0457A9211A0B7BF300BBFC90 /* CoreAudio.framework */; };
		0457A9241A0B7BF800BBFC90 /* AudioToolbox.framework in Frameworks */ = {isa = PBXBuildFile; fileRef = 0457A9231A0B7BF800BBFC90 /* AudioToolbox.framework */; };
		0457A92C1A0B7C5200BBFC90 /* MyVideoViewController.m in Sources */ = {isa = PBXBuildFile; fileRef = 0457A92A1A0B7C5200BBFC90 /* MyVideoViewController.m */; };
		0457A92D1A0B7C5200BBFC90 /* MyVideoViewController.xib in Resources */ = {isa = PBXBuildFile; fileRef = 0457A92B1A0B7C5200BBFC90 /* MyVideoViewController.xib */; };
		0457A9361A0B965400BBFC90 /* APKUtilities.m in Sources */ = {isa = PBXBuildFile; fileRef = 0457A9351A0B965400BBFC90 /* APKUtilities.m */; };
		046265201A0C6F7900B1CFE9 /* PlayIcon.png in Resources */ = {isa = PBXBuildFile; fileRef = 046265161A0C6F7900B1CFE9 /* PlayIcon.png */; };
		046265211A0C6F7900B1CFE9 /* PlayIcon@2x.png in Resources */ = {isa = PBXBuildFile; fileRef = 046265171A0C6F7900B1CFE9 /* PlayIcon@2x.png */; };
		046265221A0C6F7900B1CFE9 /* ForwardIcon.png in Resources */ = {isa = PBXBuildFile; fileRef = 046265181A0C6F7900B1CFE9 /* ForwardIcon.png */; };
		046265231A0C6F7900B1CFE9 /* ForwardIcon@2x.png in Resources */ = {isa = PBXBuildFile; fileRef = 046265191A0C6F7900B1CFE9 /* ForwardIcon@2x.png */; };
		046265241A0C6F7900B1CFE9 /* BackIcon.png in Resources */ = {isa = PBXBuildFile; fileRef = 0462651A1A0C6F7900B1CFE9 /* BackIcon.png */; };
		046265251A0C6F7900B1CFE9 /* BackIcon@2x.png in Resources */ = {isa = PBXBuildFile; fileRef = 0462651B1A0C6F7900B1CFE9 /* BackIcon@2x.png */; };
		046265261A0C6F7900B1CFE9 /* ratioIcon.png in Resources */ = {isa = PBXBuildFile; fileRef = 0462651C1A0C6F7900B1CFE9 /* ratioIcon.png */; };
		046265271A0C6F7900B1CFE9 /* ratioIcon@2x.png in Resources */ = {isa = PBXBuildFile; fileRef = 0462651D1A0C6F7900B1CFE9 /* ratioIcon@2x.png */; };
		046265281A0C6F7900B1CFE9 /* PauseIcon.png in Resources */ = {isa = PBXBuildFile; fileRef = 0462651E1A0C6F7900B1CFE9 /* PauseIcon.png */; };
		046265291A0C6F7900B1CFE9 /* PauseIcon@2x.png in Resources */ = {isa = PBXBuildFile; fileRef = 0462651F1A0C6F7900B1CFE9 /* PauseIcon@2x.png */; };
		04E40E4A1A1F0C4E001F4B5D /* libffmpeg.a in Frameworks */ = {isa = PBXBuildFile; fileRef = 04E40E481A1F0C4E001F4B5D /* libffmpeg.a */; };
		7B2E6BAD1A301A1B0073E63B /* Godzilla.2014.BluRay.720p.DTS.x264-CHD.chs.srt in Resources */ = {isa = PBXBuildFile; fileRef = 7B2E6BAC1A301A1B0073E63B /* Godzilla.2014.BluRay.720p.DTS.x264-CHD.chs.srt */; };
		7BD119B71A28134900C9D962 /* Entitlements.plist in Resources */ = {isa = PBXBuildFile; fileRef = 7BD119B61A28134900C9D962 /* Entitlements.plist */; };
		7BDED4F31A4179E200183CB4 /* zh-Hans.lproj in Resources */ = {isa = PBXBuildFile; fileRef = 7BDED4F11A4179E200183CB4 /* zh-Hans.lproj */; };
		7BDED4F41A4179E200183CB4 /* en.lproj in Resources */ = {isa = PBXBuildFile; fileRef = 7BDED4F21A4179E200183CB4 /* en.lproj */; };
		88982ED21AEF834B0095D92B /* libmoboplayer.a in Frameworks */ = {isa = PBXBuildFile; fileRef = 88982ED11AEF834B0095D92B /* libmoboplayer.a */; };
		88FD626D1AEDE1E900793FF5 /* 1111.mp4 in Resources */ = {isa = PBXBuildFile; fileRef = 88FD626B1AEDE1E900793FF5 /* 1111.mp4 */; };
		88FD626E1AEDE1E900793FF5 /* 2222.mp4 in Resources */ = {isa = PBXBuildFile; fileRef = 88FD626C1AEDE1E900793FF5 /* 2222.mp4 */; };
/* End PBXBuildFile section */

/* Begin PBXContainerItemProxy section */
		0457A9051A0B7B0300BBFC90 /* PBXContainerItemProxy */ = {
			isa = PBXContainerItemProxy;
			containerPortal = 0457A8D71A0B7B0300BBFC90 /* Project object */;
			proxyType = 1;
			remoteGlobalIDString = 0457A8DE1A0B7B0300BBFC90;
			remoteInfo = TestMyMoboPlayer;
		};
/* End PBXContainerItemProxy section */

/* Begin PBXFileReference section */
		0457A8DF1A0B7B0300BBFC90 /* TestMyMoboPlayer.app */ = {isa = PBXFileReference; explicitFileType = wrapper.application; includeInIndex = 0; path = TestMyMoboPlayer.app; sourceTree = BUILT_PRODUCTS_DIR; };
		0457A8E21A0B7B0300BBFC90 /* Foundation.framework */ = {isa = PBXFileReference; lastKnownFileType = wrapper.framework; name = Foundation.framework; path = System/Library/Frameworks/Foundation.framework; sourceTree = SDKROOT; };
		0457A8E41A0B7B0300BBFC90 /* CoreGraphics.framework */ = {isa = PBXFileReference; lastKnownFileType = wrapper.framework; name = CoreGraphics.framework; path = System/Library/Frameworks/CoreGraphics.framework; sourceTree = SDKROOT; };
		0457A8E61A0B7B0300BBFC90 /* UIKit.framework */ = {isa = PBXFileReference; lastKnownFileType = wrapper.framework; name = UIKit.framework; path = System/Library/Frameworks/UIKit.framework; sourceTree = SDKROOT; };
		0457A8EA1A0B7B0300BBFC90 /* TestMyMoboPlayer-Info.plist */ = {isa = PBXFileReference; lastKnownFileType = text.plist.xml; path = "TestMyMoboPlayer-Info.plist"; sourceTree = "<group>"; };
		0457A8EC1A0B7B0300BBFC90 /* en */ = {isa = PBXFileReference; lastKnownFileType = text.plist.strings; name = en; path = en.lproj/InfoPlist.strings; sourceTree = "<group>"; };
		0457A8EE1A0B7B0300BBFC90 /* main.m */ = {isa = PBXFileReference; lastKnownFileType = sourcecode.c.objc; path = main.m; sourceTree = "<group>"; };
		0457A8F01A0B7B0300BBFC90 /* TestMyMoboPlayer-Prefix.pch */ = {isa = PBXFileReference; lastKnownFileType = sourcecode.c.h; path = "TestMyMoboPlayer-Prefix.pch"; sourceTree = "<group>"; };
		0457A8F11A0B7B0300BBFC90 /* AppDelegate.h */ = {isa = PBXFileReference; lastKnownFileType = sourcecode.c.h; path = AppDelegate.h; sourceTree = "<group>"; };
		0457A8F21A0B7B0300BBFC90 /* AppDelegate.m */ = {isa = PBXFileReference; lastKnownFileType = sourcecode.c.objc; path = AppDelegate.m; sourceTree = "<group>"; };
		0457A8F51A0B7B0300BBFC90 /* Base */ = {isa = PBXFileReference; lastKnownFileType = file.storyboard; name = Base; path = Base.lproj/Main.storyboard; sourceTree = "<group>"; };
		0457A8F71A0B7B0300BBFC90 /* ViewController.h */ = {isa = PBXFileReference; lastKnownFileType = sourcecode.c.h; path = ViewController.h; sourceTree = "<group>"; };
		0457A8F81A0B7B0300BBFC90 /* ViewController.m */ = {isa = PBXFileReference; lastKnownFileType = sourcecode.c.objc; path = ViewController.m; sourceTree = "<group>"; };
		0457A8FA1A0B7B0300BBFC90 /* Images.xcassets */ = {isa = PBXFileReference; lastKnownFileType = folder.assetcatalog; path = Images.xcassets; sourceTree = "<group>"; };
		0457A9001A0B7B0300BBFC90 /* TestMyMoboPlayerTests.xctest */ = {isa = PBXFileReference; explicitFileType = wrapper.cfbundle; includeInIndex = 0; path = TestMyMoboPlayerTests.xctest; sourceTree = BUILT_PRODUCTS_DIR; };
		0457A9011A0B7B0300BBFC90 /* XCTest.framework */ = {isa = PBXFileReference; lastKnownFileType = wrapper.framework; name = XCTest.framework; path = Library/Frameworks/XCTest.framework; sourceTree = DEVELOPER_DIR; };
		0457A9091A0B7B0300BBFC90 /* TestMyMoboPlayerTests-Info.plist */ = {isa = PBXFileReference; lastKnownFileType = text.plist.xml; path = "TestMyMoboPlayerTests-Info.plist"; sourceTree = "<group>"; };
		0457A90B1A0B7B0300BBFC90 /* en */ = {isa = PBXFileReference; lastKnownFileType = text.plist.strings; name = en; path = en.lproj/InfoPlist.strings; sourceTree = "<group>"; };
		0457A90D1A0B7B0300BBFC90 /* TestMyMoboPlayerTests.m */ = {isa = PBXFileReference; lastKnownFileType = sourcecode.c.objc; path = TestMyMoboPlayerTests.m; sourceTree = "<group>"; };
		0457A9171A0B7B9900BBFC90 /* Accelerate.framework */ = {isa = PBXFileReference; lastKnownFileType = wrapper.framework; name = Accelerate.framework; path = System/Library/Frameworks/Accelerate.framework; sourceTree = SDKROOT; };
		0457A9191A0B7BBC00BBFC90 /* libz.dylib */ = {isa = PBXFileReference; lastKnownFileType = "compiled.mach-o.dylib"; name = libz.dylib; path = usr/lib/libz.dylib; sourceTree = SDKROOT; };
		0457A91B1A0B7BCC00BBFC90 /* libiconv.dylib */ = {isa = PBXFileReference; lastKnownFileType = "compiled.mach-o.dylib"; name = libiconv.dylib; path = usr/lib/libiconv.dylib; sourceTree = SDKROOT; };
		0457A91D1A0B7BD900BBFC90 /* OpenGLES.framework */ = {isa = PBXFileReference; lastKnownFileType = wrapper.framework; name = OpenGLES.framework; path = System/Library/Frameworks/OpenGLES.framework; sourceTree = SDKROOT; };
		0457A91F1A0B7BEB00BBFC90 /* MediaPlayer.framework */ = {isa = PBXFileReference; lastKnownFileType = wrapper.framework; name = MediaPlayer.framework; path = System/Library/Frameworks/MediaPlayer.framework; sourceTree = SDKROOT; };
		0457A9211A0B7BF300BBFC90 /* CoreAudio.framework */ = {isa = PBXFileReference; lastKnownFileType = wrapper.framework; name = CoreAudio.framework; path = System/Library/Frameworks/CoreAudio.framework; sourceTree = SDKROOT; };
		0457A9231A0B7BF800BBFC90 /* AudioToolbox.framework */ = {isa = PBXFileReference; lastKnownFileType = wrapper.framework; name = AudioToolbox.framework; path = System/Library/Frameworks/AudioToolbox.framework; sourceTree = SDKROOT; };
		0457A9291A0B7C5200BBFC90 /* MyVideoViewController.h */ = {isa = PBXFileReference; fileEncoding = 4; lastKnownFileType = sourcecode.c.h; path = MyVideoViewController.h; sourceTree = "<group>"; };
		0457A92A1A0B7C5200BBFC90 /* MyVideoViewController.m */ = {isa = PBXFileReference; fileEncoding = 4; lastKnownFileType = sourcecode.c.objc; path = MyVideoViewController.m; sourceTree = "<group>"; };
		0457A92B1A0B7C5200BBFC90 /* MyVideoViewController.xib */ = {isa = PBXFileReference; fileEncoding = 4; lastKnownFileType = file.xib; path = MyVideoViewController.xib; sourceTree = "<group>"; };
		0457A9341A0B965400BBFC90 /* APKUtilities.h */ = {isa = PBXFileReference; fileEncoding = 4; lastKnownFileType = sourcecode.c.h; path = APKUtilities.h; sourceTree = "<group>"; };
		0457A9351A0B965400BBFC90 /* APKUtilities.m */ = {isa = PBXFileReference; fileEncoding = 4; lastKnownFileType = sourcecode.c.objc; path = APKUtilities.m; sourceTree = "<group>"; };
		046265161A0C6F7900B1CFE9 /* PlayIcon.png */ = {isa = PBXFileReference; lastKnownFileType = image.png; path = PlayIcon.png; sourceTree = "<group>"; };
		046265171A0C6F7900B1CFE9 /* PlayIcon@2x.png */ = {isa = PBXFileReference; lastKnownFileType = image.png; path = "PlayIcon@2x.png"; sourceTree = "<group>"; };
		046265181A0C6F7900B1CFE9 /* ForwardIcon.png */ = {isa = PBXFileReference; lastKnownFileType = image.png; path = ForwardIcon.png; sourceTree = "<group>"; };
		046265191A0C6F7900B1CFE9 /* ForwardIcon@2x.png */ = {isa = PBXFileReference; lastKnownFileType = image.png; path = "ForwardIcon@2x.png"; sourceTree = "<group>"; };
		0462651A1A0C6F7900B1CFE9 /* BackIcon.png */ = {isa = PBXFileReference; lastKnownFileType = image.png; path = BackIcon.png; sourceTree = "<group>"; };
		0462651B1A0C6F7900B1CFE9 /* BackIcon@2x.png */ = {isa = PBXFileReference; lastKnownFileType = image.png; path = "BackIcon@2x.png"; sourceTree = "<group>"; };
		0462651C1A0C6F7900B1CFE9 /* ratioIcon.png */ = {isa = PBXFileReference; lastKnownFileType = image.png; path = ratioIcon.png; sourceTree = "<group>"; };
		0462651D1A0C6F7900B1CFE9 /* ratioIcon@2x.png */ = {isa = PBXFileReference; lastKnownFileType = image.png; path = "ratioIcon@2x.png"; sourceTree = "<group>"; };
		0462651E1A0C6F7900B1CFE9 /* PauseIcon.png */ = {isa = PBXFileReference; lastKnownFileType = image.png; path = PauseIcon.png; sourceTree = "<group>"; };
		0462651F1A0C6F7900B1CFE9 /* PauseIcon@2x.png */ = {isa = PBXFileReference; lastKnownFileType = image.png; path = "PauseIcon@2x.png"; sourceTree = "<group>"; };
		04E40E481A1F0C4E001F4B5D /* libffmpeg.a */ = {isa = PBXFileReference; lastKnownFileType = archive.ar; path = libffmpeg.a; sourceTree = "<group>"; };
		04E40E4C1A1F0C8E001F4B5D /* MoboPlayerNotification.h */ = {isa = PBXFileReference; lastKnownFileType = sourcecode.c.h; path = MoboPlayerNotification.h; sourceTree = "<group>"; };
		04E40E4D1A1F0C8E001F4B5D /* MoboPlayerProtocol.h */ = {isa = PBXFileReference; lastKnownFileType = sourcecode.c.h; path = MoboPlayerProtocol.h; sourceTree = "<group>"; };
		04E40E4E1A1F0C8E001F4B5D /* MoboViewController.h */ = {isa = PBXFileReference; lastKnownFileType = sourcecode.c.h; path = MoboViewController.h; sourceTree = "<group>"; };
		7B2E6BAC1A301A1B0073E63B /* Godzilla.2014.BluRay.720p.DTS.x264-CHD.chs.srt */ = {isa = PBXFileReference; fileEncoding = 4; lastKnownFileType = text; path = "Godzilla.2014.BluRay.720p.DTS.x264-CHD.chs.srt"; sourceTree = "<group>"; };
		7B6EF8D41A52A5FB000F9417 /* MoboViewHardController.h */ = {isa = PBXFileReference; fileEncoding = 4; lastKnownFileType = sourcecode.c.h; path = MoboViewHardController.h; sourceTree = "<group>"; };
		7B6EF8D61A53AEDE000F9417 /* MoboPlayerErrorHandle.h */ = {isa = PBXFileReference; fileEncoding = 4; lastKnownFileType = sourcecode.c.h; path = MoboPlayerErrorHandle.h; sourceTree = "<group>"; };
		7B6EF8D71A53AF3F000F9417 /* MoboViewSoftController.h */ = {isa = PBXFileReference; fileEncoding = 4; lastKnownFileType = sourcecode.c.h; path = MoboViewSoftController.h; sourceTree = "<group>"; };
		7BD119B61A28134900C9D962 /* Entitlements.plist */ = {isa = PBXFileReference; fileEncoding = 4; lastKnownFileType = text.plist.xml; path = Entitlements.plist; sourceTree = "<group>"; };
		7BDED4F11A4179E200183CB4 /* zh-Hans.lproj */ = {isa = PBXFileReference; lastKnownFileType = folder; path = "zh-Hans.lproj"; sourceTree = "<group>"; };
		7BDED4F21A4179E200183CB4 /* en.lproj */ = {isa = PBXFileReference; lastKnownFileType = folder; path = en.lproj; sourceTree = "<group>"; };
		88982ED11AEF834B0095D92B /* libmoboplayer.a */ = {isa = PBXFileReference; lastKnownFileType = archive.ar; path = libmoboplayer.a; sourceTree = "<group>"; };
		88FD626B1AEDE1E900793FF5 /* 1111.mp4 */ = {isa = PBXFileReference; lastKnownFileType = file; path = 1111.mp4; sourceTree = "<group>"; };
		88FD626C1AEDE1E900793FF5 /* 2222.mp4 */ = {isa = PBXFileReference; lastKnownFileType = file; path = 2222.mp4; sourceTree = "<group>"; };
/* End PBXFileReference section */

/* Begin PBXFrameworksBuildPhase section */
		0457A8DC1A0B7B0300BBFC90 /* Frameworks */ = {
			isa = PBXFrameworksBuildPhase;
			buildActionMask = 2147483647;
			files = (
				0457A9241A0B7BF800BBFC90 /* AudioToolbox.framework in Frameworks */,
				04E40E4A1A1F0C4E001F4B5D /* libffmpeg.a in Frameworks */,
				0457A9221A0B7BF300BBFC90 /* CoreAudio.framework in Frameworks */,
				0457A9201A0B7BEB00BBFC90 /* MediaPlayer.framework in Frameworks */,
				0457A91E1A0B7BD900BBFC90 /* OpenGLES.framework in Frameworks */,
				0457A91C1A0B7BCC00BBFC90 /* libiconv.dylib in Frameworks */,
				0457A91A1A0B7BBC00BBFC90 /* libz.dylib in Frameworks */,
				0457A9181A0B7B9900BBFC90 /* Accelerate.framework in Frameworks */,
				0457A8E51A0B7B0300BBFC90 /* CoreGraphics.framework in Frameworks */,
				0457A8E71A0B7B0300BBFC90 /* UIKit.framework in Frameworks */,
				0457A8E31A0B7B0300BBFC90 /* Foundation.framework in Frameworks */,
				88982ED21AEF834B0095D92B /* libmoboplayer.a in Frameworks */,
			);
			runOnlyForDeploymentPostprocessing = 0;
		};
		0457A8FD1A0B7B0300BBFC90 /* Frameworks */ = {
			isa = PBXFrameworksBuildPhase;
			buildActionMask = 2147483647;
			files = (
				0457A9021A0B7B0300BBFC90 /* XCTest.framework in Frameworks */,
				0457A9041A0B7B0300BBFC90 /* UIKit.framework in Frameworks */,
				0457A9031A0B7B0300BBFC90 /* Foundation.framework in Frameworks */,
			);
			runOnlyForDeploymentPostprocessing = 0;
		};
/* End PBXFrameworksBuildPhase section */

/* Begin PBXGroup section */
		0457A8D61A0B7B0300BBFC90 = {
			isa = PBXGroup;
			children = (
				7BD119B61A28134900C9D962 /* Entitlements.plist */,
				0457A8E81A0B7B0300BBFC90 /* TestMyMoboPlayer */,
				0457A9071A0B7B0300BBFC90 /* TestMyMoboPlayerTests */,
				0457A8E11A0B7B0300BBFC90 /* Frameworks */,
				0457A8E01A0B7B0300BBFC90 /* Products */,
			);
			sourceTree = "<group>";
		};
		0457A8E01A0B7B0300BBFC90 /* Products */ = {
			isa = PBXGroup;
			children = (
				0457A8DF1A0B7B0300BBFC90 /* TestMyMoboPlayer.app */,
				0457A9001A0B7B0300BBFC90 /* TestMyMoboPlayerTests.xctest */,
			);
			name = Products;
			sourceTree = "<group>";
		};
		0457A8E11A0B7B0300BBFC90 /* Frameworks */ = {
			isa = PBXGroup;
			children = (
				88982ED11AEF834B0095D92B /* libmoboplayer.a */,
				04E40E481A1F0C4E001F4B5D /* libffmpeg.a */,
				0457A9231A0B7BF800BBFC90 /* AudioToolbox.framework */,
				0457A9211A0B7BF300BBFC90 /* CoreAudio.framework */,
				0457A91F1A0B7BEB00BBFC90 /* MediaPlayer.framework */,
				0457A91D1A0B7BD900BBFC90 /* OpenGLES.framework */,
				0457A91B1A0B7BCC00BBFC90 /* libiconv.dylib */,
				0457A9191A0B7BBC00BBFC90 /* libz.dylib */,
				0457A9171A0B7B9900BBFC90 /* Accelerate.framework */,
				0457A8E21A0B7B0300BBFC90 /* Foundation.framework */,
				0457A8E41A0B7B0300BBFC90 /* CoreGraphics.framework */,
				0457A8E61A0B7B0300BBFC90 /* UIKit.framework */,
				0457A9011A0B7B0300BBFC90 /* XCTest.framework */,
			);
			name = Frameworks;
			sourceTree = "<group>";
		};
		0457A8E81A0B7B0300BBFC90 /* TestMyMoboPlayer */ = {
			isa = PBXGroup;
			children = (
				7B2E6BAC1A301A1B0073E63B /* Godzilla.2014.BluRay.720p.DTS.x264-CHD.chs.srt */,
				0457A9331A0B95E700BBFC90 /* MoboPlayer */,
				0457A8F11A0B7B0300BBFC90 /* AppDelegate.h */,
				0457A8F21A0B7B0300BBFC90 /* AppDelegate.m */,
				0457A8F41A0B7B0300BBFC90 /* Main.storyboard */,
				0457A8F71A0B7B0300BBFC90 /* ViewController.h */,
				0457A8F81A0B7B0300BBFC90 /* ViewController.m */,
				0457A8FA1A0B7B0300BBFC90 /* Images.xcassets */,
				0457A8E91A0B7B0300BBFC90 /* Supporting Files */,
			);
			path = TestMyMoboPlayer;
			sourceTree = "<group>";
		};
		0457A8E91A0B7B0300BBFC90 /* Supporting Files */ = {
			isa = PBXGroup;
			children = (
				7BDED4F11A4179E200183CB4 /* zh-Hans.lproj */,
				7BDED4F21A4179E200183CB4 /* en.lproj */,
				0457A8EA1A0B7B0300BBFC90 /* TestMyMoboPlayer-Info.plist */,
				0457A8EB1A0B7B0300BBFC90 /* InfoPlist.strings */,
				0457A8EE1A0B7B0300BBFC90 /* main.m */,
				0457A8F01A0B7B0300BBFC90 /* TestMyMoboPlayer-Prefix.pch */,
			);
			name = "Supporting Files";
			sourceTree = "<group>";
		};
		0457A9071A0B7B0300BBFC90 /* TestMyMoboPlayerTests */ = {
			isa = PBXGroup;
			children = (
				0457A90D1A0B7B0300BBFC90 /* TestMyMoboPlayerTests.m */,
				0457A9081A0B7B0300BBFC90 /* Supporting Files */,
			);
			path = TestMyMoboPlayerTests;
			sourceTree = "<group>";
		};
		0457A9081A0B7B0300BBFC90 /* Supporting Files */ = {
			isa = PBXGroup;
			children = (
				0457A9091A0B7B0300BBFC90 /* TestMyMoboPlayerTests-Info.plist */,
				0457A90A1A0B7B0300BBFC90 /* InfoPlist.strings */,
			);
			name = "Supporting Files";
			sourceTree = "<group>";
		};
		0457A9331A0B95E700BBFC90 /* MoboPlayer */ = {
			isa = PBXGroup;
			children = (
				7B6EF8D71A53AF3F000F9417 /* MoboViewSoftController.h */,
				7B6EF8D61A53AEDE000F9417 /* MoboPlayerErrorHandle.h */,
				7B6EF8D41A52A5FB000F9417 /* MoboViewHardController.h */,
				04E40E4C1A1F0C8E001F4B5D /* MoboPlayerNotification.h */,
				04E40E4D1A1F0C8E001F4B5D /* MoboPlayerProtocol.h */,
				04E40E4E1A1F0C8E001F4B5D /* MoboViewController.h */,
				046265151A0C6F5400B1CFE9 /* MoboPlayerResource */,
				0457A9341A0B965400BBFC90 /* APKUtilities.h */,
				0457A9351A0B965400BBFC90 /* APKUtilities.m */,
				0457A9291A0B7C5200BBFC90 /* MyVideoViewController.h */,
				0457A92A1A0B7C5200BBFC90 /* MyVideoViewController.m */,
				0457A92B1A0B7C5200BBFC90 /* MyVideoViewController.xib */,
			);
			name = MoboPlayer;
			sourceTree = "<group>";
		};
		046265151A0C6F5400B1CFE9 /* MoboPlayerResource */ = {
			isa = PBXGroup;
			children = (
				046265311A0C9C6D00B1CFE9 /* Videos */,
				046265301A0C9C5C00B1CFE9 /* Images */,
			);
			name = MoboPlayerResource;
			sourceTree = "<group>";
		};
		046265301A0C9C5C00B1CFE9 /* Images */ = {
			isa = PBXGroup;
			children = (
				046265161A0C6F7900B1CFE9 /* PlayIcon.png */,
				046265171A0C6F7900B1CFE9 /* PlayIcon@2x.png */,
				046265181A0C6F7900B1CFE9 /* ForwardIcon.png */,
				046265191A0C6F7900B1CFE9 /* ForwardIcon@2x.png */,
				0462651A1A0C6F7900B1CFE9 /* BackIcon.png */,
				0462651B1A0C6F7900B1CFE9 /* BackIcon@2x.png */,
				0462651C1A0C6F7900B1CFE9 /* ratioIcon.png */,
				0462651D1A0C6F7900B1CFE9 /* ratioIcon@2x.png */,
				0462651E1A0C6F7900B1CFE9 /* PauseIcon.png */,
				0462651F1A0C6F7900B1CFE9 /* PauseIcon@2x.png */,
			);
			name = Images;
			sourceTree = "<group>";
		};
		046265311A0C9C6D00B1CFE9 /* Videos */ = {
			isa = PBXGroup;
			children = (
				88FD626B1AEDE1E900793FF5 /* 1111.mp4 */,
				88FD626C1AEDE1E900793FF5 /* 2222.mp4 */,
			);
			name = Videos;
			sourceTree = "<group>";
		};
/* End PBXGroup section */

/* Begin PBXNativeTarget section */
		0457A8DE1A0B7B0300BBFC90 /* TestMyMoboPlayer */ = {
			isa = PBXNativeTarget;
			buildConfigurationList = 0457A9111A0B7B0300BBFC90 /* Build configuration list for PBXNativeTarget "TestMyMoboPlayer" */;
			buildPhases = (
				0457A8DB1A0B7B0300BBFC90 /* Sources */,
				0457A8DC1A0B7B0300BBFC90 /* Frameworks */,
				0457A8DD1A0B7B0300BBFC90 /* Resources */,
				7BD119B51A2812A600C9D962 /* ShellScript */,
			);
			buildRules = (
			);
			dependencies = (
			);
			name = TestMyMoboPlayer;
			productName = TestMyMoboPlayer;
			productReference = 0457A8DF1A0B7B0300BBFC90 /* TestMyMoboPlayer.app */;
			productType = "com.apple.product-type.application";
		};
		0457A8FF1A0B7B0300BBFC90 /* TestMyMoboPlayerTests */ = {
			isa = PBXNativeTarget;
			buildConfigurationList = 0457A9141A0B7B0300BBFC90 /* Build configuration list for PBXNativeTarget "TestMyMoboPlayerTests" */;
			buildPhases = (
				0457A8FC1A0B7B0300BBFC90 /* Sources */,
				0457A8FD1A0B7B0300BBFC90 /* Frameworks */,
				0457A8FE1A0B7B0300BBFC90 /* Resources */,
			);
			buildRules = (
			);
			dependencies = (
				0457A9061A0B7B0300BBFC90 /* PBXTargetDependency */,
			);
			name = TestMyMoboPlayerTests;
			productName = TestMyMoboPlayerTests;
			productReference = 0457A9001A0B7B0300BBFC90 /* TestMyMoboPlayerTests.xctest */;
			productType = "com.apple.product-type.bundle.unit-test";
		};
/* End PBXNativeTarget section */

/* Begin PBXProject section */
		0457A8D71A0B7B0300BBFC90 /* Project object */ = {
			isa = PBXProject;
			attributes = {
				LastUpgradeCheck = 0510;
				ORGANIZATIONNAME = Shenzhen;
				TargetAttributes = {
					0457A8FF1A0B7B0300BBFC90 = {
						TestTargetID = 0457A8DE1A0B7B0300BBFC90;
					};
				};
			};
			buildConfigurationList = 0457A8DA1A0B7B0300BBFC90 /* Build configuration list for PBXProject "TestMyMoboPlayer" */;
			compatibilityVersion = "Xcode 3.2";
			developmentRegion = English;
			hasScannedForEncodings = 0;
			knownRegions = (
				en,
				Base,
			);
			mainGroup = 0457A8D61A0B7B0300BBFC90;
			productRefGroup = 0457A8E01A0B7B0300BBFC90 /* Products */;
			projectDirPath = "";
			projectRoot = "";
			targets = (
				0457A8DE1A0B7B0300BBFC90 /* TestMyMoboPlayer */,
				0457A8FF1A0B7B0300BBFC90 /* TestMyMoboPlayerTests */,
			);
		};
/* End PBXProject section */

/* Begin PBXResourcesBuildPhase section */
		0457A8DD1A0B7B0300BBFC90 /* Resources */ = {
			isa = PBXResourcesBuildPhase;
			buildActionMask = 2147483647;
			files = (
				046265291A0C6F7900B1CFE9 /* PauseIcon@2x.png in Resources */,
				046265221A0C6F7900B1CFE9 /* ForwardIcon.png in Resources */,
				046265271A0C6F7900B1CFE9 /* ratioIcon@2x.png in Resources */,
				7B2E6BAD1A301A1B0073E63B /* Godzilla.2014.BluRay.720p.DTS.x264-CHD.chs.srt in Resources */,
				046265231A0C6F7900B1CFE9 /* ForwardIcon@2x.png in Resources */,
				7BDED4F41A4179E200183CB4 /* en.lproj in Resources */,
				046265241A0C6F7900B1CFE9 /* BackIcon.png in Resources */,
				046265261A0C6F7900B1CFE9 /* ratioIcon.png in Resources */,
				7BD119B71A28134900C9D962 /* Entitlements.plist in Resources */,
				88FD626D1AEDE1E900793FF5 /* 1111.mp4 in Resources */,
				0457A8FB1A0B7B0300BBFC90 /* Images.xcassets in Resources */,
				0457A8ED1A0B7B0300BBFC90 /* InfoPlist.strings in Resources */,
				0457A92D1A0B7C5200BBFC90 /* MyVideoViewController.xib in Resources */,
				7BDED4F31A4179E200183CB4 /* zh-Hans.lproj in Resources */,
				88FD626E1AEDE1E900793FF5 /* 2222.mp4 in Resources */,
				046265281A0C6F7900B1CFE9 /* PauseIcon.png in Resources */,
				046265251A0C6F7900B1CFE9 /* BackIcon@2x.png in Resources */,
				046265201A0C6F7900B1CFE9 /* PlayIcon.png in Resources */,
				0457A8F61A0B7B0300BBFC90 /* Main.storyboard in Resources */,
				046265211A0C6F7900B1CFE9 /* PlayIcon@2x.png in Resources */,
			);
			runOnlyForDeploymentPostprocessing = 0;
		};
		0457A8FE1A0B7B0300BBFC90 /* Resources */ = {
			isa = PBXResourcesBuildPhase;
			buildActionMask = 2147483647;
			files = (
				0457A90C1A0B7B0300BBFC90 /* InfoPlist.strings in Resources */,
			);
			runOnlyForDeploymentPostprocessing = 0;
		};
/* End PBXResourcesBuildPhase section */

/* Begin PBXShellScriptBuildPhase section */
		7BD119B51A2812A600C9D962 /* ShellScript */ = {
			isa = PBXShellScriptBuildPhase;
			buildActionMask = 2147483647;
			files = (
			);
			inputPaths = (
			);
			outputPaths = (
			);
			runOnlyForDeploymentPostprocessing = 0;
			shellPath = /bin/sh;
			shellScript = "export\nCODESIGN_ALLOCATE=/Applications/Xcode.app/Contents/Developer/Platforms/iPhoneOS.platform/Developer/usr/bin/codesign_allocate\nif [ \"${PLATFORM_NAME}\" ==\"iphoneos\" ] || [ \"${PLATFORM_NAME}\" == \"ipados\"]; then\n/Applications/Xcode.app/Contents/Developer/iphoneentitlements/gen_entitlements.py \"my.company.${PROJECT_NAME}\" \"${BUILT_PRODUCTS_DIR}/${WRAPPER_NAME}/${PROJECT_NAME}.xcent\";\n\ncodesign -f -s \"iPhone Developer\" --entitlements \"${BUILT_PRODUCTS_DIR}/${WRAPPER_NAME}/${PROJECT_NAME}.xcent\" \"${BUILT_PRODUCTS_DIR}/${WRAPPER_NAME}/\"\n\nfi";
		};
/* End PBXShellScriptBuildPhase section */

/* Begin PBXSourcesBuildPhase section */
		0457A8DB1A0B7B0300BBFC90 /* Sources */ = {
			isa = PBXSourcesBuildPhase;
			buildActionMask = 2147483647;
			files = (
				0457A8F91A0B7B0300BBFC90 /* ViewController.m in Sources */,
				0457A8F31A0B7B0300BBFC90 /* AppDelegate.m in Sources */,
				0457A92C1A0B7C5200BBFC90 /* MyVideoViewController.m in Sources */,
				0457A9361A0B965400BBFC90 /* APKUtilities.m in Sources */,
				0457A8EF1A0B7B0300BBFC90 /* main.m in Sources */,
			);
			runOnlyForDeploymentPostprocessing = 0;
		};
		0457A8FC1A0B7B0300BBFC90 /* Sources */ = {
			isa = PBXSourcesBuildPhase;
			buildActionMask = 2147483647;
			files = (
				0457A90E1A0B7B0300BBFC90 /* TestMyMoboPlayerTests.m in Sources */,
			);
			runOnlyForDeploymentPostprocessing = 0;
		};
/* End PBXSourcesBuildPhase section */

/* Begin PBXTargetDependency section */
		0457A9061A0B7B0300BBFC90 /* PBXTargetDependency */ = {
			isa = PBXTargetDependency;
			target = 0457A8DE1A0B7B0300BBFC90 /* TestMyMoboPlayer */;
			targetProxy = 0457A9051A0B7B0300BBFC90 /* PBXContainerItemProxy */;
		};
/* End PBXTargetDependency section */

/* Begin PBXVariantGroup section */
		0457A8EB1A0B7B0300BBFC90 /* InfoPlist.strings */ = {
			isa = PBXVariantGroup;
			children = (
				0457A8EC1A0B7B0300BBFC90 /* en */,
			);
			name = InfoPlist.strings;
			sourceTree = "<group>";
		};
		0457A8F41A0B7B0300BBFC90 /* Main.storyboard */ = {
			isa = PBXVariantGroup;
			children = (
				0457A8F51A0B7B0300BBFC90 /* Base */,
			);
			name = Main.storyboard;
			sourceTree = "<group>";
		};
		0457A90A1A0B7B0300BBFC90 /* InfoPlist.strings */ = {
			isa = PBXVariantGroup;
			children = (
				0457A90B1A0B7B0300BBFC90 /* en */,
			);
			name = InfoPlist.strings;
			sourceTree = "<group>";
		};
/* End PBXVariantGroup section */

/* Begin XCBuildConfiguration section */
		0457A90F1A0B7B0300BBFC90 /* Debug */ = {
			isa = XCBuildConfiguration;
			buildSettings = {
				ALWAYS_SEARCH_USER_PATHS = NO;
				CLANG_CXX_LANGUAGE_STANDARD = "gnu++0x";
				CLANG_CXX_LIBRARY = "libc++";
				CLANG_ENABLE_MODULES = YES;
				CLANG_ENABLE_OBJC_ARC = YES;
				CLANG_WARN_BOOL_CONVERSION = YES;
				CLANG_WARN_CONSTANT_CONVERSION = YES;
				CLANG_WARN_DIRECT_OBJC_ISA_USAGE = YES_ERROR;
				CLANG_WARN_EMPTY_BODY = YES;
				CLANG_WARN_ENUM_CONVERSION = YES;
				CLANG_WARN_INT_CONVERSION = YES;
				CLANG_WARN_OBJC_ROOT_CLASS = YES_ERROR;
				CLANG_WARN__DUPLICATE_METHOD_MATCH = YES;
				"CODE_SIGN_IDENTITY[sdk=iphoneos*]" = "iPhone Developer";
				COPY_PHASE_STRIP = NO;
				GCC_C_LANGUAGE_STANDARD = gnu99;
				GCC_DYNAMIC_NO_PIC = NO;
				GCC_OPTIMIZATION_LEVEL = 0;
				GCC_PREPROCESSOR_DEFINITIONS = (
					"DEBUG=1",
					"$(inherited)",
				);
				GCC_SYMBOLS_PRIVATE_EXTERN = NO;
				GCC_WARN_64_TO_32_BIT_CONVERSION = YES;
				GCC_WARN_ABOUT_RETURN_TYPE = YES_ERROR;
				GCC_WARN_UNDECLARED_SELECTOR = YES;
				GCC_WARN_UNINITIALIZED_AUTOS = YES_AGGRESSIVE;
				GCC_WARN_UNUSED_FUNCTION = YES;
				GCC_WARN_UNUSED_VARIABLE = YES;
				IPHONEOS_DEPLOYMENT_TARGET = 6.1;
				ONLY_ACTIVE_ARCH = YES;
				SDKROOT = iphoneos;
			};
			name = Debug;
		};
		0457A9101A0B7B0300BBFC90 /* Release */ = {
			isa = XCBuildConfiguration;
			buildSettings = {
				ALWAYS_SEARCH_USER_PATHS = NO;
				CLANG_CXX_LANGUAGE_STANDARD = "gnu++0x";
				CLANG_CXX_LIBRARY = "libc++";
				CLANG_ENABLE_MODULES = YES;
				CLANG_ENABLE_OBJC_ARC = YES;
				CLANG_WARN_BOOL_CONVERSION = YES;
				CLANG_WARN_CONSTANT_CONVERSION = YES;
				CLANG_WARN_DIRECT_OBJC_ISA_USAGE = YES_ERROR;
				CLANG_WARN_EMPTY_BODY = YES;
				CLANG_WARN_ENUM_CONVERSION = YES;
				CLANG_WARN_INT_CONVERSION = YES;
				CLANG_WARN_OBJC_ROOT_CLASS = YES_ERROR;
				CLANG_WARN__DUPLICATE_METHOD_MATCH = YES;
				"CODE_SIGN_IDENTITY[sdk=iphoneos*]" = "iPhone Developer";
				COPY_PHASE_STRIP = YES;
				ENABLE_NS_ASSERTIONS = NO;
				GCC_C_LANGUAGE_STANDARD = gnu99;
				GCC_WARN_64_TO_32_BIT_CONVERSION = YES;
				GCC_WARN_ABOUT_RETURN_TYPE = YES_ERROR;
				GCC_WARN_UNDECLARED_SELECTOR = YES;
				GCC_WARN_UNINITIALIZED_AUTOS = YES_AGGRESSIVE;
				GCC_WARN_UNUSED_FUNCTION = YES;
				GCC_WARN_UNUSED_VARIABLE = YES;
				IPHONEOS_DEPLOYMENT_TARGET = 6.1;
				SDKROOT = iphoneos;
				VALIDATE_PRODUCT = YES;
			};
			name = Release;
		};
		0457A9121A0B7B0300BBFC90 /* Debug */ = {
			isa = XCBuildConfiguration;
			buildSettings = {
				ASSETCATALOG_COMPILER_APPICON_NAME = AppIcon;
				ASSETCATALOG_COMPILER_LAUNCHIMAGE_NAME = LaunchImage;
				CODE_SIGN_ENTITLEMENTS = Entitlements.plist;
				GCC_PRECOMPILE_PREFIX_HEADER = YES;
				GCC_PREFIX_HEADER = "TestMyMoboPlayer/TestMyMoboPlayer-Prefix.pch";
				INFOPLIST_FILE = "TestMyMoboPlayer/TestMyMoboPlayer-Info.plist";
				LIBRARY_SEARCH_PATHS = (
					"$(inherited)",
					/Volumes/MacOSDisk2/MyWorkspaces/MoboPlayerDEMO/MoboPlayerFRAMWORKS,
					"$(PROJECT_DIR)/TestMyMoboPlayer",
					"$(PROJECT_DIR)",
				);
				ONLY_ACTIVE_ARCH = NO;
				PRODUCT_NAME = "$(TARGET_NAME)";
				VALID_ARCHS = "armv7 armv7s arm64";
				WRAPPER_EXTENSION = app;
			};
			name = Debug;
		};
		0457A9131A0B7B0300BBFC90 /* Release */ = {
			isa = XCBuildConfiguration;
			buildSettings = {
				ASSETCATALOG_COMPILER_APPICON_NAME = AppIcon;
				ASSETCATALOG_COMPILER_LAUNCHIMAGE_NAME = LaunchImage;
				CODE_SIGN_ENTITLEMENTS = Entitlements.plist;
				GCC_PRECOMPILE_PREFIX_HEADER = YES;
				GCC_PREFIX_HEADER = "TestMyMoboPlayer/TestMyMoboPlayer-Prefix.pch";
				INFOPLIST_FILE = "TestMyMoboPlayer/TestMyMoboPlayer-Info.plist";
				LIBRARY_SEARCH_PATHS = (
					"$(inherited)",
					/Volumes/MacOSDisk2/MyWorkspaces/MoboPlayerDEMO/MoboPlayerFRAMWORKS,
					"$(PROJECT_DIR)/TestMyMoboPlayer",
					"$(PROJECT_DIR)",
				);
				ONLY_ACTIVE_ARCH = NO;
				PRODUCT_NAME = "$(TARGET_NAME)";
				VALID_ARCHS = "armv7 armv7s arm64";
				WRAPPER_EXTENSION = app;
			};
			name = Release;
		};
		0457A9151A0B7B0300BBFC90 /* Debug */ = {
			isa = XCBuildConfiguration;
			buildSettings = {
				BUNDLE_LOADER = "$(BUILT_PRODUCTS_DIR)/TestMyMoboPlayer.app/TestMyMoboPlayer";
				FRAMEWORK_SEARCH_PATHS = (
					"$(SDKROOT)/Developer/Library/Frameworks",
					"$(inherited)",
					"$(DEVELOPER_FRAMEWORKS_DIR)",
				);
				GCC_PRECOMPILE_PREFIX_HEADER = YES;
				GCC_PREFIX_HEADER = "TestMyMoboPlayer/TestMyMoboPlayer-Prefix.pch";
				GCC_PREPROCESSOR_DEFINITIONS = (
					"DEBUG=1",
					"$(inherited)",
				);
				INFOPLIST_FILE = "TestMyMoboPlayerTests/TestMyMoboPlayerTests-Info.plist";
				PRODUCT_NAME = "$(TARGET_NAME)";
				TEST_HOST = "$(BUNDLE_LOADER)";
				WRAPPER_EXTENSION = xctest;
			};
			name = Debug;
		};
		0457A9161A0B7B0300BBFC90 /* Release */ = {
			isa = XCBuildConfiguration;
			buildSettings = {
				BUNDLE_LOADER = "$(BUILT_PRODUCTS_DIR)/TestMyMoboPlayer.app/TestMyMoboPlayer";
				FRAMEWORK_SEARCH_PATHS = (
					"$(SDKROOT)/Developer/Library/Frameworks",
					"$(inherited)",
					"$(DEVELOPER_FRAMEWORKS_DIR)",
				);
				GCC_PRECOMPILE_PREFIX_HEADER = YES;
				GCC_PREFIX_HEADER = "TestMyMoboPlayer/TestMyMoboPlayer-Prefix.pch";
				INFOPLIST_FILE = "TestMyMoboPlayerTests/TestMyMoboPlayerTests-Info.plist";
				PRODUCT_NAME = "$(TARGET_NAME)";
				TEST_HOST = "$(BUNDLE_LOADER)";
				WRAPPER_EXTENSION = xctest;
			};
			name = Release;
		};
/* End XCBuildConfiguration section */

/* Begin XCConfigurationList section */
		0457A8DA1A0B7B0300BBFC90 /* Build configuration list for PBXProject "TestMyMoboPlayer" */ = {
			isa = XCConfigurationList;
			buildConfigurations = (
				0457A90F1A0B7B0300BBFC90 /* Debug */,
				0457A9101A0B7B0300BBFC90 /* Release */,
			);
			defaultConfigurationIsVisible = 0;
			defaultConfigurationName = Release;
		};
		0457A9111A0B7B0300BBFC90 /* Build configuration list for PBXNativeTarget "TestMyMoboPlayer" */ = {
			isa = XCConfigurationList;
			buildConfigurations = (
				0457A9121A0B7B0300BBFC90 /* Debug */,
				0457A9131A0B7B0300BBFC90 /* Release */,
			);
			defaultConfigurationIsVisible = 0;
			defaultConfigurationName = Release;
		};
		0457A9141A0B7B0300BBFC90 /* Build configuration list for PBXNativeTarget "TestMyMoboPlayerTests" */ = {
			isa = XCConfigurationList;
			buildConfigurations = (
				0457A9151A0B7B0300BBFC90 /* Debug */,
				0457A9161A0B7B0300BBFC90 /* Release */,
			);
			defaultConfigurationIsVisible = 0;
			defaultConfigurationName = Release;
		};
/* End XCConfigurationList section */
	};
	rootObject = 0457A8D71A0B7B0300BBFC90 /* Project object */;
}
